Microsoft Visual Studio Solution File, Format Version 12.00
# Visual Studio Version 17
VisualStudioVersion = 17.8.0.0
MinimumVisualStudioVersion = 10.0.40219.1
Project("{9A19103F-16F7-4668-BE54-9A1E7A4F7556}") = "GPhotosUploader.Core", "src\GPhotosUploader.Core\GPhotosUploader.Core.csproj", "{1B2E7F30-8C4A-4E5D-9B6F-0A1C2D3E4F50}"
EndProject
Project("{9A19103F-16F7-4668-BE54-9A1E7A4F7556}") = "GPhotosUploader.App", "src\GPhotosUploader.App\GPhotosUploader.App.csproj", "{2C3F8A41-9D5B-4F6E-AC70-1B2D3E4F5061}"
EndProject
Project("{9A19103F-16F7-4668-BE54-9A1E7A4F7556}") = "GPhotosUploader.Tests", "src\GPhotosUploader.Tests\GPhotosUploader.Tests.csproj", "{3D4A9B52-AE6C-4A7F-BD81-2C3E4F506172}"
EndProject
Global
	GlobalSection(SolutionConfigurationPlatforms) = preSolution
		Debug|Any CPU = Debug|Any CPU
		Release|Any CPU = Release|Any CPU
	EndGlobalSection
	GlobalSection(ProjectConfigurationPlatforms) = postSolution
		{1B2E7F30-8C4A-4E5D-9B6F-0A1C2D3E4F50}.Debug|Any CPU.ActiveCfg = Debug|Any CPU
		{1B2E7F30-8C4A-4E5D-9B6F-0A1C2D3E4F50}.Debug|Any CPU.Build.0 = Debug|Any CPU
		{1B2E7F30-8C4A-4E5D-9B6F-0A1C2D3E4F50}.Release|Any CPU.ActiveCfg = Release|Any CPU
		{1B2E7F30-8C4A-4E5D-9B6F-0A1C2D3E4F50}.Release|Any CPU.Build.0 = Release|Any CPU
		{2C3F8A41-9D5B-4F6E-AC70-1B2D3E4F5061}.Debug|Any CPU.ActiveCfg = Debug|Any CPU
		{2C3F8A41-9D5B-4F6E-AC70-1B2D3E4F5061}.Debug|Any CPU.Build.0 = Debug|Any CPU
		{2C3F8A41-9D5B-4F6E-AC70-1B2D3E4F5061}.Release|Any CPU.ActiveCfg = Release|Any CPU
		{2C3F8A41-9D5B-4F6E-AC70-1B2D3E4F5061}.Release|Any CPU.Build.0 = Release|Any CPU
		{3D4A9B52-AE6C-4A7F-BD81-2C3E4F506172}.Debug|Any CPU.ActiveCfg = Debug|Any CPU
		{3D4A9B52-AE6C-4A7F-BD81-2C3E4F506172}.Debug|Any CPU.Build.0 = Debug|Any CPU
		{3D4A9B52-AE6C-4A7F-BD81-2C3E4F506172}.Release|Any CPU.ActiveCfg = Release|Any CPU
		{3D4A9B52-AE6C-4A7F-BD81-2C3E4F506172}.Release|Any CPU.Build.0 = Release|Any CPU
	EndGlobalSection
	GlobalSection(SolutionProperties) = preSolution
		HideSolutionNode = FALSE
	EndGlobalSection
EndGlobal
